// !$*UTF8*$!
{
	archiveVersion = 1;
	classes = {
	};
	objectVersion = 52;
	objects = {

/* Begin PBXBuildFile section */
		D5777B8024EFF9240035D6D9 /* NewsTableViewCell.swift in Sources */ = {isa = PBXBuildFile; fileRef = D5777B7F24EFF9240035D6D9 /* NewsTableViewCell.swift */; };
		D5777B8224F008920035D6D9 /* uiExtentions.swift in Sources */ = {isa = PBXBuildFile; fileRef = D5777B8124F008920035D6D9 /* uiExtentions.swift */; };
		D59A342624EFD10A00AC6F0C /* AppDelegate.swift in Sources */ = {isa = PBXBuildFile; fileRef = D59A342524EFD10A00AC6F0C /* AppDelegate.swift */; };
		D59A342824EFD10A00AC6F0C /* SceneDelegate.swift in Sources */ = {isa = PBXBuildFile; fileRef = D59A342724EFD10A00AC6F0C /* SceneDelegate.swift */; };
		D59A342A24EFD10A00AC6F0C /* ViewController.swift in Sources */ = {isa = PBXBuildFile; fileRef = D59A342924EFD10A00AC6F0C /* ViewController.swift */; };
		D59A342D24EFD10A00AC6F0C /* Main.storyboard in Resources */ = {isa = PBXBuildFile; fileRef = D59A342B24EFD10A00AC6F0C /* Main.storyboard */; };
		D59A342F24EFD10C00AC6F0C /* Assets.xcassets in Resources */ = {isa = PBXBuildFile; fileRef = D59A342E24EFD10C00AC6F0C /* Assets.xcassets */; };
		D59A343224EFD10C00AC6F0C /* LaunchScreen.storyboard in Resources */ = {isa = PBXBuildFile; fileRef = D59A343024EFD10C00AC6F0C /* LaunchScreen.storyboard */; };
		D59A343B24EFD37F00AC6F0C /* RxSwift in Frameworks */ = {isa = PBXBuildFile; productRef = D59A343A24EFD37F00AC6F0C /* RxSwift */; };
		D59A343D24EFD37F00AC6F0C /* RxCocoa in Frameworks */ = {isa = PBXBuildFile; productRef = D59A343C24EFD37F00AC6F0C /* RxCocoa */; };
		D59A344024EFD3CC00AC6F0C /* Alamofire in Frameworks */ = {isa = PBXBuildFile; productRef = D59A343F24EFD3CC00AC6F0C /* Alamofire */; };
		D59A344324EFD43500AC6F0C /* API.swift in Sources */ = {isa = PBXBuildFile; fileRef = D59A344224EFD43500AC6F0C /* API.swift */; };
		D59A344524EFD52700AC6F0C /* NewsClient.swift in Sources */ = {isa = PBXBuildFile; fileRef = D59A344424EFD52700AC6F0C /* NewsClient.swift */; };
/* End PBXBuildFile section */

/* Begin PBXFileReference section */
		D5777B7F24EFF9240035D6D9 /* NewsTableViewCell.swift */ = {isa = PBXFileReference; lastKnownFileType = sourcecode.swift; path = NewsTableViewCell.swift; sourceTree = "<group>"; };
		D5777B8124F008920035D6D9 /* uiExtentions.swift */ = {isa = PBXFileReference; lastKnownFileType = sourcecode.swift; path = uiExtentions.swift; sourceTree = "<group>"; };
		D59A342224EFD10A00AC6F0C /* news_app_medium.app */ = {isa = PBXFileReference; explicitFileType = wrapper.application; includeInIndex = 0; path = news_app_medium.app; sourceTree = BUILT_PRODUCTS_DIR; };
		D59A342524EFD10A00AC6F0C /* AppDelegate.swift */ = {isa = PBXFileReference; lastKnownFileType = sourcecode.swift; path = AppDelegate.swift; sourceTree = "<group>"; };
		D59A342724EFD10A00AC6F0C /* SceneDelegate.swift */ = {isa = PBXFileReference; lastKnownFileType = sourcecode.swift; path = SceneDelegate.swift; sourceTree = "<group>"; };
		D59A342924EFD10A00AC6F0C /* ViewController.swift */ = {isa = PBXFileReference; lastKnownFileType = sourcecode.swift; path = ViewController.swift; sourceTree = "<group>"; };
		D59A342C24EFD10A00AC6F0C /* Base */ = {isa = PBXFileReference; lastKnownFileType = file.storyboard; name = Base; path = Base.lproj/Main.storyboard; sourceTree = "<group>"; };
		D59A342E24EFD10C00AC6F0C /* Assets.xcassets */ = {isa = PBXFileReference; lastKnownFileType = folder.assetcatalog; path = Assets.xcassets; sourceTree = "<group>"; };
		D59A343124EFD10C00AC6F0C /* Base */ = {isa = PBXFileReference; lastKnownFileType = file.storyboard; name = Base; path = Base.lproj/LaunchScreen.storyboard; sourceTree = "<group>"; };
		D59A343324EFD10C00AC6F0C /* Info.plist */ = {isa = PBXFileReference; lastKnownFileType = text.plist.xml; path = Info.plist; sourceTree = "<group>"; };
		D59A344224EFD43500AC6F0C /* API.swift */ = {isa = PBXFileReference; lastKnownFileType = sourcecode.swift; path = API.swift; sourceTree = "<group>"; };
		D59A344424EFD52700AC6F0C /* NewsClient.swift */ = {isa = PBXFileReference; lastKnownFileType = sourcecode.swift; path = NewsClient.swift; sourceTree = "<group>"; };
/* End PBXFileReference section */

/* Begin PBXFrameworksBuildPhase section */
		D59A341F24EFD10A00AC6F0C /* Frameworks */ = {
			isa = PBXFrameworksBuildPhase;
			buildActionMask = 2147483647;
			files = (
				D59A344024EFD3CC00AC6F0C /* Alamofire in Frameworks */,
				D59A343D24EFD37F00AC6F0C /* RxCocoa in Frameworks */,
				D59A343B24EFD37F00AC6F0C /* RxSwift in Frameworks */,
			);
			runOnlyForDeploymentPostprocessing = 0;
		};
/* End PBXFrameworksBuildPhase section */

/* Begin PBXGroup section */
		D5777B7E24EFF8FA0035D6D9 /* ui */ = {
			isa = PBXGroup;
			children = (
				D5777B7F24EFF9240035D6D9 /* NewsTableViewCell.swift */,
			);
			path = ui;
			sourceTree = "<group>";
		};
		D59A341924EFD10A00AC6F0C = {
			isa = PBXGroup;
			children = (
				D59A342424EFD10A00AC6F0C /* news_app_medium */,
				D59A342324EFD10A00AC6F0C /* Products */,
			);
			sourceTree = "<group>";
		};
		D59A342324EFD10A00AC6F0C /* Products */ = {
			isa = PBXGroup;
			children = (
				D59A342224EFD10A00AC6F0C /* news_app_medium.app */,
			);
			name = Products;
			sourceTree = "<group>";
		};
		D59A342424EFD10A00AC6F0C /* news_app_medium */ = {
			isa = PBXGroup;
			children = (
				D5777B7E24EFF8FA0035D6D9 /* ui */,
				D59A344124EFD3F100AC6F0C /* domain */,
				D59A342524EFD10A00AC6F0C /* AppDelegate.swift */,
				D59A342724EFD10A00AC6F0C /* SceneDelegate.swift */,
				D59A342924EFD10A00AC6F0C /* ViewController.swift */,
				D59A342B24EFD10A00AC6F0C /* Main.storyboard */,
				D59A342E24EFD10C00AC6F0C /* Assets.xcassets */,
				D59A343024EFD10C00AC6F0C /* LaunchScreen.storyboard */,
				D59A343324EFD10C00AC6F0C /* Info.plist */,
			);
			path = news_app_medium;
			sourceTree = "<group>";
		};
		D59A344124EFD3F100AC6F0C /* domain */ = {
			isa = PBXGroup;
			children = (
				D59A344224EFD43500AC6F0C /* API.swift */,
				D59A344424EFD52700AC6F0C /* NewsClient.swift */,
				D5777B8124F008920035D6D9 /* uiExtentions.swift */,
			);
			path = domain;
			sourceTree = "<group>";
		};
/* End PBXGroup section */

/* Begin PBXNativeTarget section */
		D59A342124EFD10A00AC6F0C /* news_app_medium */ = {
			isa = PBXNativeTarget;
			buildConfigurationList = D59A343624EFD10C00AC6F0C /* Build configuration list for PBXNativeTarget "news_app_medium" */;
			buildPhases = (
				D59A341E24EFD10A00AC6F0C /* Sources */,
				D59A341F24EFD10A00AC6F0C /* Frameworks */,
				D59A342024EFD10A00AC6F0C /* Resources */,
			);
			buildRules = (
			);
			dependencies = (
			);
			name = news_app_medium;
			packageProductDependencies = (
				D59A343A24EFD37F00AC6F0C /* RxSwift */,
				D59A343C24EFD37F00AC6F0C /* RxCocoa */,
				D59A343F24EFD3CC00AC6F0C /* Alamofire */,
			);
			productName = news_app_medium;
			productReference = D59A342224EFD10A00AC6F0C /* news_app_medium.app */;
			productType = "com.apple.product-type.application";
		};
/* End PBXNativeTarget section */

/* Begin PBXProject section */
		D59A341A24EFD10A00AC6F0C /* Project object */ = {
			isa = PBXProject;
			attributes = {
				LastSwiftUpdateCheck = 1160;
				LastUpgradeCheck = 1160;
				ORGANIZATIONNAME = Qenawi;
				TargetAttributes = {
					D59A342124EFD10A00AC6F0C = {
						CreatedOnToolsVersion = 11.6;
					};
				};
			};
			buildConfigurationList = D59A341D24EFD10A00AC6F0C /* Build configuration list for PBXProject "news_app_medium" */;
			compatibilityVersion = "Xcode 9.3";
			developmentRegion = en;
			hasScannedForEncodings = 0;
			knownRegions = (
				en,
				Base,
			);
			mainGroup = D59A341924EFD10A00AC6F0C;
			packageReferences = (
				D59A343924EFD37F00AC6F0C /* XCRemoteSwiftPackageReference "RxSwift" */,
				D59A343E24EFD3CC00AC6F0C /* XCRemoteSwiftPackageReference "Alamofire" */,
			);
			productRefGroup = D59A342324EFD10A00AC6F0C /* Products */;
			projectDirPath = "";
			projectRoot = "";
			targets = (
				D59A342124EFD10A00AC6F0C /* news_app_medium */,
			);
		};
/* End PBXProject section */

/* Begin PBXResourcesBuildPhase section */
		D59A342024EFD10A00AC6F0C /* Resources */ = {
			isa = PBXResourcesBuildPhase;
			buildActionMask = 2147483647;
			files = (
				D59A343224EFD10C00AC6F0C /* LaunchScreen.storyboard in Resources */,
				D59A342F24EFD10C00AC6F0C /* Assets.xcassets in Resources */,
				D59A342D24EFD10A00AC6F0C /* Main.storyboard in Resources */,
			);
			runOnlyForDeploymentPostprocessing = 0;
		};
/* End PBXResourcesBuildPhase section */

/* Begin PBXSourcesBuildPhase section */
		D59A341E24EFD10A00AC6F0C /* Sources */ = {
			isa = PBXSourcesBuildPhase;
			buildActionMask = 2147483647;
			files = (
				D59A342A24EFD10A00AC6F0C /* ViewController.swift in Sources */,
				D5777B8024EFF9240035D6D9 /* NewsTableViewCell.swift in Sources */,
				D59A342624EFD10A00AC6F0C /* AppDelegate.swift in Sources */,
				D59A344524EFD52700AC6F0C /* NewsClient.swift in Sources */,
				D5777B8224F008920035D6D9 /* uiExtentions.swift in Sources */,
				D59A344324EFD43500AC6F0C /* API.swift in Sources */,
				D59A342824EFD10A00AC6F0C /* SceneDelegate.swift in Sources */,
			);
			runOnlyForDeploymentPostprocessing = 0;
		};
/* End PBXSourcesBuildPhase section */

/* Begin PBXVariantGroup section */
		D59A342B24EFD10A00AC6F0C /* Main.storyboard */ = {
			isa = PBXVariantGroup;
			children = (
				D59A342C24EFD10A00AC6F0C /* Base */,
			);
			name = Main.storyboard;
			sourceTree = "<group>";
		};
		D59A343024EFD10C00AC6F0C /* LaunchScreen.storyboard */ = {
			isa = PBXVariantGroup;
			children = (
				D59A343124EFD10C00AC6F0C /* Base */,
			);
			name = LaunchScreen.storyboard;
			sourceTree = "<group>";
		};
/* End PBXVariantGroup section */

/* Begin XCBuildConfiguration section */
		D59A343424EFD10C00AC6F0C /* Debug */ = {
			isa = XCBuildConfiguration;
			buildSettings = {
				ALWAYS_SEARCH_USER_PATHS = NO;
				CLANG_ANALYZER_NONNULL = YES;
				CLANG_ANALYZER_NUMBER_OBJECT_CONVERSION = YES_AGGRESSIVE;
				CLANG_CXX_LANGUAGE_STANDARD = "gnu++14";
				CLANG_CXX_LIBRARY = "libc++";
				CLANG_ENABLE_MODULES = YES;
				CLANG_ENABLE_OBJC_ARC = YES;
				CLANG_ENABLE_OBJC_WEAK = YES;
				CLANG_WARN_BLOCK_CAPTURE_AUTORELEASING = YES;
				CLANG_WARN_BOOL_CONVERSION = YES;
				CLANG_WARN_COMMA = YES;
				CLANG_WARN_CONSTANT_CONVERSION = YES;
				CLANG_WARN_DEPRECATED_OBJC_IMPLEMENTATIONS = YES;
				CLANG_WARN_DIRECT_OBJC_ISA_USAGE = YES_ERROR;
				CLANG_WARN_DOCUMENTATION_COMMENTS = YES;
				CLANG_WARN_EMPTY_BODY = YES;
				CLANG_WARN_ENUM_CONVERSION = YES;
				CLANG_WARN_INFINITE_RECURSION = YES;
				CLANG_WARN_INT_CONVERSION = YES;
				CLANG_WARN_NON_LITERAL_NULL_CONVERSION = YES;
				CLANG_WARN_OBJC_IMPLICIT_RETAIN_SELF = YES;
				CLANG_WARN_OBJC_LITERAL_CONVERSION = YES;
				CLANG_WARN_OBJC_ROOT_CLASS = YES_ERROR;
				CLANG_WARN_RANGE_LOOP_ANALYSIS = YES;
				CLANG_WARN_STRICT_PROTOTYPES = YES;
				CLANG_WARN_SUSPICIOUS_MOVE = YES;
				CLANG_WARN_UNGUARDED_AVAILABILITY = YES_AGGRESSIVE;
				CLANG_WARN_UNREACHABLE_CODE = YES;
				CLANG_WARN__DUPLICATE_METHOD_MATCH = YES;
				COPY_PHASE_STRIP = NO;
				DEBUG_INFORMATION_FORMAT = dwarf;
				ENABLE_STRICT_OBJC_MSGSEND = YES;
				ENABLE_TESTABILITY = YES;
				GCC_C_LANGUAGE_STANDARD = gnu11;
				GCC_DYNAMIC_NO_PIC = NO;
				GCC_NO_COMMON_BLOCKS = YES;
				GCC_OPTIMIZATION_LEVEL = 0;
				GCC_PREPROCESSOR_DEFINITIONS = (
					"DEBUG=1",
					"$(inherited)",
				);
				GCC_WARN_64_TO_32_BIT_CONVERSION = YES;
				GCC_WARN_ABOUT_RETURN_TYPE = YES_ERROR;
				GCC_WARN_UNDECLARED_SELECTOR = YES;
				GCC_WARN_UNINITIALIZED_AUTOS = YES_AGGRESSIVE;
				GCC_WARN_UNUSED_FUNCTION = YES;
				GCC_WARN_UNUSED_VARIABLE = YES;
				IPHONEOS_DEPLOYMENT_TARGET = 13.6;
				MTL_ENABLE_DEBUG_INFO = INCLUDE_SOURCE;
				MTL_FAST_MATH = YES;
				ONLY_ACTIVE_ARCH = YES;
				SDKROOT = iphoneos;
				SWIFT_ACTIVE_COMPILATION_CONDITIONS = DEBUG;
				SWIFT_OPTIMIZATION_LEVEL = "-Onone";
			};
			name = Debug;
		};
		D59A343524EFD10C00AC6F0C /* Release */ = {
			isa = XCBuildConfiguration;
			buildSettings = {
				ALWAYS_SEARCH_USER_PATHS = NO;
				CLANG_ANALYZER_NONNULL = YES;
				CLANG_ANALYZER_NUMBER_OBJECT_CONVERSION = YES_AGGRESSIVE;
				CLANG_CXX_LANGUAGE_STANDARD = "gnu++14";
				CLANG_CXX_LIBRARY = "libc++";
				CLANG_ENABLE_MODULES = YES;
				CLANG_ENABLE_OBJC_ARC = YES;
				CLANG_ENABLE_OBJC_WEAK = YES;
				CLANG_WARN_BLOCK_CAPTURE_AUTORELEASING = YES;
				CLANG_WARN_BOOL_CONVERSION = YES;
				CLANG_WARN_COMMA = YES;
				CLANG_WARN_CONSTANT_CONVERSION = YES;
				CLANG_WARN_DEPRECATED_OBJC_IMPLEMENTATIONS = YES;
				CLANG_WARN_DIRECT_OBJC_ISA_USAGE = YES_ERROR;
				CLANG_WARN_DOCUMENTATION_COMMENTS = YES;
				CLANG_WARN_EMPTY_BODY = YES;
				CLANG_WARN_ENUM_CONVERSION = YES;
				CLANG_WARN_INFINITE_RECURSION = YES;
				CLANG_WARN_INT_CONVERSION = YES;
				CLANG_WARN_NON_LITERAL_NULL_CONVERSION = YES;
				CLANG_WARN_OBJC_IMPLICIT_RETAIN_SELF = YES;
				CLANG_WARN_OBJC_LITERAL_CONVERSION = YES;
				CLANG_WARN_OBJC_ROOT_CLASS = YES_ERROR;
				CLANG_WARN_RANGE_LOOP_ANALYSIS = YES;
				CLANG_WARN_STRICT_PROTOTYPES = YES;
				CLANG_WARN_SUSPICIOUS_MOVE = YES;
				CLANG_WARN_UNGUARDED_AVAILABILITY = YES_AGGRESSIVE;
				CLANG_WARN_UNREACHABLE_CODE = YES;
				CLANG_WARN__DUPLICATE_METHOD_MATCH = YES;
				COPY_PHASE_STRIP = NO;
				DEBUG_INFORMATION_FORMAT = "dwarf-with-dsym";
				ENABLE_NS_ASSERTIONS = NO;
				ENABLE_STRICT_OBJC_MSGSEND = YES;
				GCC_C_LANGUAGE_STANDARD = gnu11;
				GCC_NO_COMMON_BLOCKS = YES;
				GCC_WARN_64_TO_32_BIT_CONVERSION = YES;
				GCC_WARN_ABOUT_RETURN_TYPE = YES_ERROR;
				GCC_WARN_UNDECLARED_SELECTOR = YES;
				GCC_WARN_UNINITIALIZED_AUTOS = YES_AGGRESSIVE;
				GCC_WARN_UNUSED_FUNCTION = YES;
				GCC_WARN_UNUSED_VARIABLE = YES;
				IPHONEOS_DEPLOYMENT_TARGET = 13.6;
				MTL_ENABLE_DEBUG_INFO = NO;
				MTL_FAST_MATH = YES;
				SDKROOT = iphoneos;
				SWIFT_COMPILATION_MODE = wholemodule;
				SWIFT_OPTIMIZATION_LEVEL = "-O";
				VALIDATE_PRODUCT = YES;
			};
			name = Release;
		};
		D59A343724EFD10C00AC6F0C /* Debug */ = {
			isa = XCBuildConfiguration;
			buildSettings = {
				ASSETCATALOG_COMPILER_APPICON_NAME = AppIcon;
				CODE_SIGN_STYLE = Automatic;
				INFOPLIST_FILE = news_app_medium/Info.plist;
				LD_RUNPATH_SEARCH_PATHS = (
					"$(inherited)",
					"@executable_path/Frameworks",
				);
				PRODUCT_BUNDLE_IDENTIFIER = "com.qenawi.news-app-medium";
				PRODUCT_NAME = "$(TARGET_NAME)";
				SWIFT_VERSION = 5.0;
				TARGETED_DEVICE_FAMILY = "1,2";
			};
			name = Debug;
		};
		D59A343824EFD10C00AC6F0C /* Release */ = {
			isa = XCBuildConfiguration;
			buildSettings = {
				ASSETCATALOG_COMPILER_APPICON_NAME = AppIcon;
				CODE_SIGN_STYLE = Automatic;
				INFOPLIST_FILE = news_app_medium/Info.plist;
				LD_RUNPATH_SEARCH_PATHS = (
					"$(inherited)",
					"@executable_path/Frameworks",
				);
				PRODUCT_BUNDLE_IDENTIFIER = "com.qenawi.news-app-medium";
				PRODUCT_NAME = "$(TARGET_NAME)";
				SWIFT_VERSION = 5.0;
				TARGETED_DEVICE_FAMILY = "1,2";
			};
			name = Release;
		};
/* End XCBuildConfiguration section */

/* Begin XCConfigurationList section */
		D59A341D24EFD10A00AC6F0C /* Build configuration list for PBXProject "news_app_medium" */ = {
			isa = XCConfigurationList;
			buildConfigurations = (
				D59A343424EFD10C00AC6F0C /* Debug */,
				D59A343524EFD10C00AC6F0C /* Release */,
			);
			defaultConfigurationIsVisible = 0;
			defaultConfigurationName = Release;
		};
		D59A343624EFD10C00AC6F0C /* Build configuration list for PBXNativeTarget "news_app_medium" */ = {
			isa = XCConfigurationList;
			buildConfigurations = (
				D59A343724EFD10C00AC6F0C /* Debug */,
				D59A343824EFD10C00AC6F0C /* Release */,
			);
			defaultConfigurationIsVisible = 0;
			defaultConfigurationName = Release;
		};
/* End XCConfigurationList section */

/* Begin XCRemoteSwiftPackageReference section */
		D59A343924EFD37F00AC6F0C /* XCRemoteSwiftPackageReference "RxSwift" */ = {
			isa = XCRemoteSwiftPackageReference;
			repositoryURL = "https://github.com/ReactiveX/RxSwift.git";
			requirement = {
				kind = upToNextMajorVersion;
				minimumVersion = 5.1.1;
			};
		};
		D59A343E24EFD3CC00AC6F0C /* XCRemoteSwiftPackageReference "Alamofire" */ = {
			isa = XCRemoteSwiftPackageReference;
			repositoryURL = "https://github.com/Alamofire/Alamofire.git";
			requirement = {
				kind = upToNextMajorVersion;
				minimumVersion = 5.2.2;
			};
		};
/* End XCRemoteSwiftPackageReference section */

/* Begin XCSwiftPackageProductDependency section */
		D59A343A24EFD37F00AC6F0C /* RxSwift */ = {
			isa = XCSwiftPackageProductDependency;
			package = D59A343924EFD37F00AC6F0C /* XCRemoteSwiftPackageReference "RxSwift" */;
			productName = RxSwift;
		};
		D59A343C24EFD37F00AC6F0C /* RxCocoa */ = {
			isa = XCSwiftPackageProductDependency;
			package = D59A343924EFD37F00AC6F0C /* XCRemoteSwiftPackageReference "RxSwift" */;
			productName = RxCocoa;
		};
		D59A343F24EFD3CC00AC6F0C /* Alamofire */ = {
			isa = XCSwiftPackageProductDependency;
			package = D59A343E24EFD3CC00AC6F0C /* XCRemoteSwiftPackageReference "Alamofire" */;
			productName = Alamofire;
		};
/* End XCSwiftPackageProductDependency section */
	};
	rootObject = D59A341A24EFD10A00AC6F0C /* Project object */;
}
